
Microsoft Visual Studio Solution File, Format Version 12.00
# Visual Studio Version 16
VisualStudioVersion = 16.0.30717.126
MinimumVisualStudioVersion = 10.0.40219.1
Project("{FAE04EC0-301F-11D3-BF4B-00C04F79EFBC}") = "BlazorLazyLoading.Server", "BlazorLazyLoading\Server\BlazorLazyLoading.Server.csproj", "{D2B242BC-9D7E-484A-8D07-A34636CDA99E}"
EndProject
Project("{FAE04EC0-301F-11D3-BF4B-00C04F79EFBC}") = "BlazorLazyLoading.Client", "BlazorLazyLoading\Client\BlazorLazyLoading.Client.csproj", "{314554E0-BFCD-4177-A999-99CD477D1B6A}"
EndProject
Project("{FAE04EC0-301F-11D3-BF4B-00C04F79EFBC}") = "BlazorLazyLoading.Shared", "BlazorLazyLoading\Shared\BlazorLazyLoading.Shared.csproj", "{E727B2DD-E081-494D-B7E2-AF957BED430F}"
EndProject
Global
	GlobalSection(SolutionConfigurationPlatforms) = preSolution
		Debug|Any CPU = Debug|Any CPU
		Release|Any CPU = Release|Any CPU
	EndGlobalSection
	GlobalSection(ProjectConfigurationPlatforms) = postSolution
		{D2B242BC-9D7E-484A-8D07-A34636CDA99E}.Debug|Any CPU.ActiveCfg = Debug|Any CPU
		{D2B242BC-9D7E-484A-8D07-A34636CDA99E}.Debug|Any CPU.Build.0 = Debug|Any CPU
		{D2B242BC-9D7E-484A-8D07-A34636CDA99E}.Release|Any CPU.ActiveCfg = Release|Any CPU
		{D2B242BC-9D7E-484A-8D07-A34636CDA99E}.Release|Any CPU.Build.0 = Release|Any CPU
		{314554E0-BFCD-4177-A999-99CD477D1B6A}.Debug|Any CPU.ActiveCfg = Debug|Any CPU
		{314554E0-BFCD-4177-A999-99CD477D1B6A}.Debug|Any CPU.Build.0 = Debug|Any CPU
		{314554E0-BFCD-4177-A999-99CD477D1B6A}.Release|Any CPU.ActiveCfg = Release|Any CPU
		{314554E0-BFCD-4177-A999-99CD477D1B6A}.Release|Any CPU.Build.0 = Release|Any CPU
		{E727B2DD-E081-494D-B7E2-AF957BED430F}.Debug|Any CPU.ActiveCfg = Debug|Any CPU
		{E727B2DD-E081-494D-B7E2-AF957BED430F}.Debug|Any CPU.Build.0 = Debug|Any CPU
		{E727B2DD-E081-494D-B7E2-AF957BED430F}.Release|Any CPU.ActiveCfg = Release|Any CPU
		{E727B2DD-E081-494D-B7E2-AF957BED430F}.Release|Any CPU.Build.0 = Release|Any CPU
	EndGlobalSection
	GlobalSection(SolutionProperties) = preSolution
		HideSolutionNode = FALSE
	EndGlobalSection
	GlobalSection(ExtensibilityGlobals) = postSolution
		SolutionGuid = {42262716-D9AF-4A05-A72B-C274AD384A64}
	EndGlobalSection
EndGlobal
